
Microsoft Visual Studio Solution File, Format Version 12.00
# Visual Studio 2012
Project("{FAE04EC0-301F-11D3-BF4B-00C04F79EFBC}") = "ICT13580010A", "ICT13580010A\ICT13580010A.csproj", "{F6C757DA-D8FD-4A4D-8AE7-853B80606F65}"
EndProject
Project("{FAE04EC0-301F-11D3-BF4B-00C04F79EFBC}") = "ICT13580010A.iOS", "iOS\ICT13580010A.iOS.csproj", "{66357845-BB2B-452D-981A-6BBB214AE599}"
EndProject
Global
	GlobalSection(SolutionConfigurationPlatforms) = preSolution
		Debug|Any CPU = Debug|Any CPU
		Release|Any CPU = Release|Any CPU
		Debug|iPhoneSimulator = Debug|iPhoneSimulator
		Release|iPhone = Release|iPhone
		Release|iPhoneSimulator = Release|iPhoneSimulator
		Debug|iPhone = Debug|iPhone
	EndGlobalSection
	GlobalSection(ProjectConfigurationPlatforms) = postSolution
		{F6C757DA-D8FD-4A4D-8AE7-853B80606F65}.Debug|Any CPU.ActiveCfg = Debug|Any CPU
		{F6C757DA-D8FD-4A4D-8AE7-853B80606F65}.Debug|Any CPU.Build.0 = Debug|Any CPU
		{F6C757DA-D8FD-4A4D-8AE7-853B80606F65}.Release|Any CPU.ActiveCfg = Release|Any CPU
		{F6C757DA-D8FD-4A4D-8AE7-853B80606F65}.Release|Any CPU.Build.0 = Release|Any CPU
		{F6C757DA-D8FD-4A4D-8AE7-853B80606F65}.Debug|iPhoneSimulator.ActiveCfg = Debug|Any CPU
		{F6C757DA-D8FD-4A4D-8AE7-853B80606F65}.Debug|iPhoneSimulator.Build.0 = Debug|Any CPU
		{F6C757DA-D8FD-4A4D-8AE7-853B80606F65}.Release|iPhone.ActiveCfg = Release|Any CPU
		{F6C757DA-D8FD-4A4D-8AE7-853B80606F65}.Release|iPhone.Build.0 = Release|Any CPU
		{F6C757DA-D8FD-4A4D-8AE7-853B80606F65}.Release|iPhoneSimulator.ActiveCfg = Release|Any CPU
		{F6C757DA-D8FD-4A4D-8AE7-853B80606F65}.Release|iPhoneSimulator.Build.0 = Release|Any CPU
		{F6C757DA-D8FD-4A4D-8AE7-853B80606F65}.Debug|iPhone.ActiveCfg = Debug|Any CPU
		{F6C757DA-D8FD-4A4D-8AE7-853B80606F65}.Debug|iPhone.Build.0 = Debug|Any CPU
		{66357845-BB2B-452D-981A-6BBB214AE599}.Debug|Any CPU.ActiveCfg = Debug|iPhoneSimulator
		{66357845-BB2B-452D-981A-6BBB214AE599}.Debug|Any CPU.Build.0 = Debug|iPhoneSimulator
		{66357845-BB2B-452D-981A-6BBB214AE599}.Release|Any CPU.ActiveCfg = Release|iPhone
		{66357845-BB2B-452D-981A-6BBB214AE599}.Release|Any CPU.Build.0 = Release|iPhone
		{66357845-BB2B-452D-981A-6BBB214AE599}.Debug|iPhoneSimulator.ActiveCfg = Debug|iPhoneSimulator
		{66357845-BB2B-452D-981A-6BBB214AE599}.Debug|iPhoneSimulator.Build.0 = Debug|iPhoneSimulator
		{66357845-BB2B-452D-981A-6BBB214AE599}.Release|iPhone.ActiveCfg = Release|iPhone
		{66357845-BB2B-452D-981A-6BBB214AE599}.Release|iPhone.Build.0 = Release|iPhone
		{66357845-BB2B-452D-981A-6BBB214AE599}.Release|iPhoneSimulator.ActiveCfg = Release|iPhoneSimulator
		{66357845-BB2B-452D-981A-6BBB214AE599}.Release|iPhoneSimulator.Build.0 = Release|iPhoneSimulator
		{66357845-BB2B-452D-981A-6BBB214AE599}.Debug|iPhone.ActiveCfg = Debug|iPhone
		{66357845-BB2B-452D-981A-6BBB214AE599}.Debug|iPhone.Build.0 = Debug|iPhone
	EndGlobalSection
EndGlobal
